
Microsoft Visual Studio Solution File, Format Version 12.00
# Visual Studio Version 17
VisualStudioVersion = 17.7.34202.233
MinimumVisualStudioVersion = 10.0.40219.1
Project("{FAE04EC0-301F-11D3-BF4B-00C04F79EFBC}") = "Dynamic Wallpaper", "Dynamic Wallpaper\Dynamic Wallpaper.csproj", "{841A5EB6-F4AD-404A-860F-5B5361A86EBF}"
EndProject
Global
	GlobalSection(SolutionConfigurationPlatforms) = preSolution
		Debug|Any CPU = Debug|Any CPU
		Release|Any CPU = Release|Any CPU
	EndGlobalSection
	GlobalSection(ProjectConfigurationPlatforms) = postSolution
		{841A5EB6-F4AD-404A-860F-5B5361A86EBF}.Debug|Any CPU.ActiveCfg = Debug|Any CPU
		{841A5EB6-F4AD-404A-860F-5B5361A86EBF}.Debug|Any CPU.Build.0 = Debug|Any CPU
		{841A5EB6-F4AD-404A-860F-5B5361A86EBF}.Release|Any CPU.ActiveCfg = Release|Any CPU
		{841A5EB6-F4AD-404A-860F-5B5361A86EBF}.Release|Any CPU.Build.0 = Release|Any CPU
	EndGlobalSection
	GlobalSection(SolutionProperties) = preSolution
		HideSolutionNode = FALSE
	EndGlobalSection
	GlobalSection(ExtensibilityGlobals) = postSolution
		SolutionGuid = {4EE72625-032F-4672-9F82-4E18B75C7639}
	EndGlobalSection
EndGlobal
